
Microsoft Visual Studio Solution File, Format Version 12.00
# Visual Studio 14
VisualStudioVersion = 14.0.25420.1
MinimumVisualStudioVersion = 10.0.40219.1
Project("{FAE04EC0-301F-11D3-BF4B-00C04F79EFBC}") = "Security.WebAPI", "Security.WebAPI\Security.WebAPI.csproj", "{7E14F9DF-AD1E-44A9-A924-C3AD7D03CB0D}"
EndProject
Project("{FAE04EC0-301F-11D3-BF4B-00C04F79EFBC}") = "Security.Tests", "Security.Tests\Security.Tests.csproj", "{E5F0D17D-179F-420D-8E0F-ED3C1F602670}"
EndProject
Project("{FAE04EC0-301F-11D3-BF4B-00C04F79EFBC}") = "Security.AuthorizationServer", "Security.AuthorizationServer\Security.AuthorizationServer.csproj", "{8329F8F0-D366-4561-977E-754C9DB8A741}"
EndProject
Project("{FAE04EC0-301F-11D3-BF4B-00C04F79EFBC}") = "Security.IdentityManagementTool", "Security.IdentityManagementTool\Security.IdentityManagementTool.csproj", "{1B9E0EC0-7C00-4947-B10E-0DD1A9484776}"
EndProject
Global
	GlobalSection(SolutionConfigurationPlatforms) = preSolution
		Debug|Any CPU = Debug|Any CPU
		Release|Any CPU = Release|Any CPU
	EndGlobalSection
	GlobalSection(ProjectConfigurationPlatforms) = postSolution
		{7E14F9DF-AD1E-44A9-A924-C3AD7D03CB0D}.Debug|Any CPU.ActiveCfg = Debug|Any CPU
		{7E14F9DF-AD1E-44A9-A924-C3AD7D03CB0D}.Debug|Any CPU.Build.0 = Debug|Any CPU
		{7E14F9DF-AD1E-44A9-A924-C3AD7D03CB0D}.Release|Any CPU.ActiveCfg = Release|Any CPU
		{7E14F9DF-AD1E-44A9-A924-C3AD7D03CB0D}.Release|Any CPU.Build.0 = Release|Any CPU
		{E5F0D17D-179F-420D-8E0F-ED3C1F602670}.Debug|Any CPU.ActiveCfg = Debug|Any CPU
		{E5F0D17D-179F-420D-8E0F-ED3C1F602670}.Debug|Any CPU.Build.0 = Debug|Any CPU
		{E5F0D17D-179F-420D-8E0F-ED3C1F602670}.Release|Any CPU.ActiveCfg = Release|Any CPU
		{E5F0D17D-179F-420D-8E0F-ED3C1F602670}.Release|Any CPU.Build.0 = Release|Any CPU
		{8329F8F0-D366-4561-977E-754C9DB8A741}.Debug|Any CPU.ActiveCfg = Debug|Any CPU
		{8329F8F0-D366-4561-977E-754C9DB8A741}.Debug|Any CPU.Build.0 = Debug|Any CPU
		{8329F8F0-D366-4561-977E-754C9DB8A741}.Release|Any CPU.ActiveCfg = Release|Any CPU
		{8329F8F0-D366-4561-977E-754C9DB8A741}.Release|Any CPU.Build.0 = Release|Any CPU
		{1B9E0EC0-7C00-4947-B10E-0DD1A9484776}.Debug|Any CPU.ActiveCfg = Debug|Any CPU
		{1B9E0EC0-7C00-4947-B10E-0DD1A9484776}.Debug|Any CPU.Build.0 = Debug|Any CPU
		{1B9E0EC0-7C00-4947-B10E-0DD1A9484776}.Release|Any CPU.ActiveCfg = Release|Any CPU
		{1B9E0EC0-7C00-4947-B10E-0DD1A9484776}.Release|Any CPU.Build.0 = Release|Any CPU
	EndGlobalSection
	GlobalSection(SolutionProperties) = preSolution
		HideSolutionNode = FALSE
	EndGlobalSection
EndGlobal
